
Microsoft Visual Studio Solution File, Format Version 12.00
Project("{FAE04EC0-301F-11D3-BF4B-00C04F79EFBC}") = "CarGarage", ".\CarGarage.csproj", "{68B81402-B448-4667-B237-4912CDE4744C}"
EndProject
Global
	GlobalSection(SolutionConfigurationPlatforms) = preSolution
		Debug|Any CPU = Debug|Any CPU
		Release|Any CPU = Release|Any CPU
	EndGlobalSection
	GlobalSection(ProjectConfigurationPlatforms) = postSolution
		{68B81402-B448-4667-B237-4912CDE4744C}.Debug|Any CPU.ActiveCfg = Debug|Any CPU
		{68B81402-B448-4667-B237-4912CDE4744C}.Debug|Any CPU.Build.0 = Debug|Any CPU
		{68B81402-B448-4667-B237-4912CDE4744C}.Release|Any CPU.ActiveCfg = Release|Any CPU
		{68B81402-B448-4667-B237-4912CDE4744C}.Release|Any CPU.Build.0 = Release|Any CPU
	EndGlobalSection
EndGlobal
